
Microsoft Visual Studio Solution File, Format Version 12.00
# Visual Studio Version 17
VisualStudioVersion = 17.13.35931.197 d17.13
MinimumVisualStudioVersion = 10.0.40219.1
Project("{FAE04EC0-301F-11D3-BF4B-00C04F79EFBC}") = "postal-dotnet", "postal-dotnet\postal-dotnet.csproj", "{C0CC4F0D-C69A-41C7-A6D4-5161508EB31D}"
EndProject
Global
	GlobalSection(SolutionConfigurationPlatforms) = preSolution
		Debug|Any CPU = Debug|Any CPU
		Release|Any CPU = Release|Any CPU
	EndGlobalSection
	GlobalSection(ProjectConfigurationPlatforms) = postSolution
		{C0CC4F0D-C69A-41C7-A6D4-5161508EB31D}.Debug|Any CPU.ActiveCfg = Debug|Any CPU
		{C0CC4F0D-C69A-41C7-A6D4-5161508EB31D}.Debug|Any CPU.Build.0 = Debug|Any CPU
		{C0CC4F0D-C69A-41C7-A6D4-5161508EB31D}.Release|Any CPU.ActiveCfg = Release|Any CPU
		{C0CC4F0D-C69A-41C7-A6D4-5161508EB31D}.Release|Any CPU.Build.0 = Release|Any CPU
	EndGlobalSection
	GlobalSection(SolutionProperties) = preSolution
		HideSolutionNode = FALSE
	EndGlobalSection
	GlobalSection(ExtensibilityGlobals) = postSolution
		SolutionGuid = {18092ADA-0C40-436E-964D-2FFED82B701E}
	EndGlobalSection
EndGlobal
